Microsoft Visual Studio Solution File, Format Version 12.00
# Visual Studio Version 17
VisualStudioVersion = 17.5.2.0
MinimumVisualStudioVersion = 10.0.40219.1
Project("{FAE04EC0-301F-11D3-BF4B-00C04F79EFBC}") = "DiscordAIBot", "DiscordAIBot.csproj", "{C6B8B5A2-DC35-0BE3-7B83-211979DB3D8D}"
EndProject
Global
	GlobalSection(SolutionConfigurationPlatforms) = preSolution
		Debug|Any CPU = Debug|Any CPU
		Release|Any CPU = Release|Any CPU
	EndGlobalSection
	GlobalSection(ProjectConfigurationPlatforms) = postSolution
		{C6B8B5A2-DC35-0BE3-7B83-211979DB3D8D}.Debug|Any CPU.ActiveCfg = Debug|Any CPU
		{C6B8B5A2-DC35-0BE3-7B83-211979DB3D8D}.Debug|Any CPU.Build.0 = Debug|Any CPU
		{C6B8B5A2-DC35-0BE3-7B83-211979DB3D8D}.Release|Any CPU.ActiveCfg = Release|Any CPU
		{C6B8B5A2-DC35-0BE3-7B83-211979DB3D8D}.Release|Any CPU.Build.0 = Release|Any CPU
	EndGlobalSection
	GlobalSection(SolutionProperties) = preSolution
		HideSolutionNode = FALSE
	EndGlobalSection
	GlobalSection(ExtensibilityGlobals) = postSolution
		SolutionGuid = {E3768749-C443-41A3-B96B-477E68623455}
	EndGlobalSection
EndGlobal
